// !$*UTF8*$!
{
	archiveVersion = 1;
	classes = {
	};
	objectVersion = 46;
	objects = {

/* Begin PBXBuildFile section */
		119ED1F203F372EB22947D33 /* Pods_kataba_md.framework in Frameworks */ = {isa = PBXBuildFile; fileRef = 057E54613F263BA912AF28AF /* Pods_kataba_md.framework */; };
		19471F061F0A85B2000DDF13 /* AppDelegate.swift in Sources */ = {isa = PBXBuildFile; fileRef = 19471F051F0A85B2000DDF13 /* AppDelegate.swift */; };
		19471F081F0A85B2000DDF13 /* ViewController.swift in Sources */ = {isa = PBXBuildFile; fileRef = 19471F071F0A85B2000DDF13 /* ViewController.swift */; };
		19471F0B1F0A85B2000DDF13 /* Main.storyboard in Resources */ = {isa = PBXBuildFile; fileRef = 19471F091F0A85B2000DDF13 /* Main.storyboard */; };
		19471F0D1F0A85B2000DDF13 /* Assets.xcassets in Resources */ = {isa = PBXBuildFile; fileRef = 19471F0C1F0A85B2000DDF13 /* Assets.xcassets */; };
		19471F101F0A85B2000DDF13 /* LaunchScreen.storyboard in Resources */ = {isa = PBXBuildFile; fileRef = 19471F0E1F0A85B2000DDF13 /* LaunchScreen.storyboard */; };
		19471F1B1F0A85B3000DDF13 /* kataba_mdTests.swift in Sources */ = {isa = PBXBuildFile; fileRef = 19471F1A1F0A85B3000DDF13 /* kataba_mdTests.swift */; };
		19471F261F0A85B3000DDF13 /* kataba_mdUITests.swift in Sources */ = {isa = PBXBuildFile; fileRef = 19471F251F0A85B3000DDF13 /* kataba_mdUITests.swift */; };
		19471F371F0BB828000DDF13 /* LoginViewController.swift in Sources */ = {isa = PBXBuildFile; fileRef = 19471F361F0BB828000DDF13 /* LoginViewController.swift */; };
		3A23C8FD533341053B65422A /* Pods_kataba_mdUITests.framework in Frameworks */ = {isa = PBXBuildFile; fileRef = 96820D471DE12C9AB97B044B /* Pods_kataba_mdUITests.framework */; };
		F810161021D6582997A5DA8C /* Pods_kataba_mdTests.framework in Frameworks */ = {isa = PBXBuildFile; fileRef = C51CF68572852D1863F9DF4F /* Pods_kataba_mdTests.framework */; };
/* End PBXBuildFile section */

/* Begin PBXContainerItemProxy section */
		19471F171F0A85B3000DDF13 /* PBXContainerItemProxy */ = {
			isa = PBXContainerItemProxy;
			containerPortal = 19471EFA1F0A85B2000DDF13 /* Project object */;
			proxyType = 1;
			remoteGlobalIDString = 19471F011F0A85B2000DDF13;
			remoteInfo = kataba.md;
		};
		19471F221F0A85B3000DDF13 /* PBXContainerItemProxy */ = {
			isa = PBXContainerItemProxy;
			containerPortal = 19471EFA1F0A85B2000DDF13 /* Project object */;
			proxyType = 1;
			remoteGlobalIDString = 19471F011F0A85B2000DDF13;
			remoteInfo = kataba.md;
		};
/* End PBXContainerItemProxy section */

/* Begin PBXFileReference section */
		057E54613F263BA912AF28AF /* Pods_kataba_md.framework */ = {isa = PBXFileReference; explicitFileType = wrapper.framework; includeInIndex = 0; path = Pods_kataba_md.framework; sourceTree = BUILT_PRODUCTS_DIR; };
		108ABA94E79E78275386C7B6 /* Pods-kataba.mdUITests.release.xcconfig */ = {isa = PBXFileReference; includeInIndex = 1; lastKnownFileType = text.xcconfig; name = "Pods-kataba.mdUITests.release.xcconfig"; path = "Pods/Target Support Files/Pods-kataba.mdUITests/Pods-kataba.mdUITests.release.xcconfig"; sourceTree = "<group>"; };
		1405819DD7E3696FF8E202C3 /* Pods-kataba.md.debug.xcconfig */ = {isa = PBXFileReference; includeInIndex = 1; lastKnownFileType = text.xcconfig; name = "Pods-kataba.md.debug.xcconfig"; path = "Pods/Target Support Files/Pods-kataba.md/Pods-kataba.md.debug.xcconfig"; sourceTree = "<group>"; };
		16A120EB8DF243BBA51FD5BC /* Pods-kataba.mdUITests.debug.xcconfig */ = {isa = PBXFileReference; includeInIndex = 1; lastKnownFileType = text.xcconfig; name = "Pods-kataba.mdUITests.debug.xcconfig"; path = "Pods/Target Support Files/Pods-kataba.mdUITests/Pods-kataba.mdUITests.debug.xcconfig"; sourceTree = "<group>"; };
		19471F021F0A85B2000DDF13 /* kataba.md.app */ = {isa = PBXFileReference; explicitFileType = wrapper.application; includeInIndex = 0; path = kataba.md.app; sourceTree = BUILT_PRODUCTS_DIR; };
		19471F051F0A85B2000DDF13 /* AppDelegate.swift */ = {isa = PBXFileReference; lastKnownFileType = sourcecode.swift; path = AppDelegate.swift; sourceTree = "<group>"; };
		19471F071F0A85B2000DDF13 /* ViewController.swift */ = {isa = PBXFileReference; lastKnownFileType = sourcecode.swift; path = ViewController.swift; sourceTree = "<group>"; };
		19471F0A1F0A85B2000DDF13 /* Base */ = {isa = PBXFileReference; lastKnownFileType = file.storyboard; name = Base; path = Base.lproj/Main.storyboard; sourceTree = "<group>"; };
		19471F0C1F0A85B2000DDF13 /* Assets.xcassets */ = {isa = PBXFileReference; lastKnownFileType = folder.assetcatalog; path = Assets.xcassets; sourceTree = "<group>"; };
		19471F0F1F0A85B2000DDF13 /* Base */ = {isa = PBXFileReference; lastKnownFileType = file.storyboard; name = Base; path = Base.lproj/LaunchScreen.storyboard; sourceTree = "<group>"; };
		19471F111F0A85B2000DDF13 /* Info.plist */ = {isa = PBXFileReference; lastKnownFileType = text.plist.xml; path = Info.plist; sourceTree = "<group>"; };
		19471F161F0A85B3000DDF13 /* kataba.mdTests.xctest */ = {isa = PBXFileReference; explicitFileType = wrapper.cfbundle; includeInIndex = 0; path = kataba.mdTests.xctest; sourceTree = BUILT_PRODUCTS_DIR; };
		19471F1A1F0A85B3000DDF13 /* kataba_mdTests.swift */ = {isa = PBXFileReference; lastKnownFileType = sourcecode.swift; path = kataba_mdTests.swift; sourceTree = "<group>"; };
		19471F1C1F0A85B3000DDF13 /* Info.plist */ = {isa = PBXFileReference; lastKnownFileType = text.plist.xml; path = Info.plist; sourceTree = "<group>"; };
		19471F211F0A85B3000DDF13 /* kataba.mdUITests.xctest */ = {isa = PBXFileReference; explicitFileType = wrapper.cfbundle; includeInIndex = 0; path = kataba.mdUITests.xctest; sourceTree = BUILT_PRODUCTS_DIR; };
		19471F251F0A85B3000DDF13 /* kataba_mdUITests.swift */ = {isa = PBXFileReference; lastKnownFileType = sourcecode.swift; path = kataba_mdUITests.swift; sourceTree = "<group>"; };
		19471F271F0A85B3000DDF13 /* Info.plist */ = {isa = PBXFileReference; lastKnownFileType = text.plist.xml; path = Info.plist; sourceTree = "<group>"; };
		19471F361F0BB828000DDF13 /* LoginViewController.swift */ = {isa = PBXFileReference; fileEncoding = 4; lastKnownFileType = sourcecode.swift; path = LoginViewController.swift; sourceTree = "<group>"; };
		2E58284BDB2A897A361D4F6F /* Pods-kataba.mdTests.release.xcconfig */ = {isa = PBXFileReference; includeInIndex = 1; lastKnownFileType = text.xcconfig; name = "Pods-kataba.mdTests.release.xcconfig"; path = "Pods/Target Support Files/Pods-kataba.mdTests/Pods-kataba.mdTests.release.xcconfig"; sourceTree = "<group>"; };
		93C850CBFD4CBE96006D0FE1 /* Pods-kataba.mdTests.debug.xcconfig */ = {isa = PBXFileReference; includeInIndex = 1; lastKnownFileType = text.xcconfig; name = "Pods-kataba.mdTests.debug.xcconfig"; path = "Pods/Target Support Files/Pods-kataba.mdTests/Pods-kataba.mdTests.debug.xcconfig"; sourceTree = "<group>"; };
		96820D471DE12C9AB97B044B /* Pods_kataba_mdUITests.framework */ = {isa = PBXFileReference; explicitFileType = wrapper.framework; includeInIndex = 0; path = Pods_kataba_mdUITests.framework; sourceTree = BUILT_PRODUCTS_DIR; };
		C51CF68572852D1863F9DF4F /* Pods_kataba_mdTests.framework */ = {isa = PBXFileReference; explicitFileType = wrapper.framework; includeInIndex = 0; path = Pods_kataba_mdTests.framework; sourceTree = BUILT_PRODUCTS_DIR; };
		F2C33F54AC68BAF233EC0D9F /* Pods-kataba.md.release.xcconfig */ = {isa = PBXFileReference; includeInIndex = 1; lastKnownFileType = text.xcconfig; name = "Pods-kataba.md.release.xcconfig"; path = "Pods/Target Support Files/Pods-kataba.md/Pods-kataba.md.release.xcconfig"; sourceTree = "<group>"; };
/* End PBXFileReference section */

/* Begin PBXFrameworksBuildPhase section */
		19471EFF1F0A85B2000DDF13 /* Frameworks */ = {
			isa = PBXFrameworksBuildPhase;
			buildActionMask = 2147483647;
			files = (
				119ED1F203F372EB22947D33 /* Pods_kataba_md.framework in Frameworks */,
			);
			runOnlyForDeploymentPostprocessing = 0;
		};
		19471F131F0A85B3000DDF13 /* Frameworks */ = {
			isa = PBXFrameworksBuildPhase;
			buildActionMask = 2147483647;
			files = (
				F810161021D6582997A5DA8C /* Pods_kataba_mdTests.framework in Frameworks */,
			);
			runOnlyForDeploymentPostprocessing = 0;
		};
		19471F1E1F0A85B3000DDF13 /* Frameworks */ = {
			isa = PBXFrameworksBuildPhase;
			buildActionMask = 2147483647;
			files = (
				3A23C8FD533341053B65422A /* Pods_kataba_mdUITests.framework in Frameworks */,
			);
			runOnlyForDeploymentPostprocessing = 0;
		};
/* End PBXFrameworksBuildPhase section */

/* Begin PBXGroup section */
		19471EF91F0A85B2000DDF13 = {
			isa = PBXGroup;
			children = (
				19471F041F0A85B2000DDF13 /* kataba.md */,
				19471F191F0A85B3000DDF13 /* kataba.mdTests */,
				19471F241F0A85B3000DDF13 /* kataba.mdUITests */,
				19471F031F0A85B2000DDF13 /* Products */,
				199CDF0D1F0BBB2C008F4381 /* Frameworks */,
				7016E0CB6D7606572667C5AA /* Pods */,
			);
			sourceTree = "<group>";
		};
		19471F031F0A85B2000DDF13 /* Products */ = {
			isa = PBXGroup;
			children = (
				19471F021F0A85B2000DDF13 /* kataba.md.app */,
				19471F161F0A85B3000DDF13 /* kataba.mdTests.xctest */,
				19471F211F0A85B3000DDF13 /* kataba.mdUITests.xctest */,
			);
			name = Products;
			sourceTree = "<group>";
		};
		19471F041F0A85B2000DDF13 /* kataba.md */ = {
			isa = PBXGroup;
			children = (
				19471F351F0A86A5000DDF13 /* storyboards */,
				19471F341F0A8696000DDF13 /* delegate */,
				19471F331F0A8674000DDF13 /* viewcontrollers */,
				19471F0C1F0A85B2000DDF13 /* Assets.xcassets */,
				19471F0E1F0A85B2000DDF13 /* LaunchScreen.storyboard */,
				19471F111F0A85B2000DDF13 /* Info.plist */,
			);
			path = kataba.md;
			sourceTree = "<group>";
		};
		19471F191F0A85B3000DDF13 /* kataba.mdTests */ = {
			isa = PBXGroup;
			children = (
				19471F1A1F0A85B3000DDF13 /* kataba_mdTests.swift */,
				19471F1C1F0A85B3000DDF13 /* Info.plist */,
			);
			path = kataba.mdTests;
			sourceTree = "<group>";
		};
		19471F241F0A85B3000DDF13 /* kataba.mdUITests */ = {
			isa = PBXGroup;
			children = (
				19471F251F0A85B3000DDF13 /* kataba_mdUITests.swift */,
				19471F271F0A85B3000DDF13 /* Info.plist */,
			);
			path = kataba.mdUITests;
			sourceTree = "<group>";
		};
		19471F331F0A8674000DDF13 /* viewcontrollers */ = {
			isa = PBXGroup;
			children = (
				19471F071F0A85B2000DDF13 /* ViewController.swift */,
				19471F361F0BB828000DDF13 /* LoginViewController.swift */,
			);
			name = viewcontrollers;
			sourceTree = "<group>";
		};
		19471F341F0A8696000DDF13 /* delegate */ = {
			isa = PBXGroup;
			children = (
				19471F051F0A85B2000DDF13 /* AppDelegate.swift */,
			);
			name = delegate;
			sourceTree = "<group>";
		};
		19471F351F0A86A5000DDF13 /* storyboards */ = {
			isa = PBXGroup;
			children = (
				19471F091F0A85B2000DDF13 /* Main.storyboard */,
			);
			name = storyboards;
			sourceTree = "<group>";
		};
		199CDF0D1F0BBB2C008F4381 /* Frameworks */ = {
			isa = PBXGroup;
			children = (
				057E54613F263BA912AF28AF /* Pods_kataba_md.framework */,
				C51CF68572852D1863F9DF4F /* Pods_kataba_mdTests.framework */,
				96820D471DE12C9AB97B044B /* Pods_kataba_mdUITests.framework */,
			);
			name = Frameworks;
			sourceTree = "<group>";
		};
		7016E0CB6D7606572667C5AA /* Pods */ = {
			isa = PBXGroup;
			children = (
				1405819DD7E3696FF8E202C3 /* Pods-kataba.md.debug.xcconfig */,
				F2C33F54AC68BAF233EC0D9F /* Pods-kataba.md.release.xcconfig */,
				93C850CBFD4CBE96006D0FE1 /* Pods-kataba.mdTests.debug.xcconfig */,
				2E58284BDB2A897A361D4F6F /* Pods-kataba.mdTests.release.xcconfig */,
				16A120EB8DF243BBA51FD5BC /* Pods-kataba.mdUITests.debug.xcconfig */,
				108ABA94E79E78275386C7B6 /* Pods-kataba.mdUITests.release.xcconfig */,
			);
			name = Pods;
			sourceTree = "<group>";
		};
/* End PBXGroup section */

/* Begin PBXNativeTarget section */
		19471F011F0A85B2000DDF13 /* kataba.md */ = {
			isa = PBXNativeTarget;
			buildConfigurationList = 19471F2A1F0A85B3000DDF13 /* Build configuration list for PBXNativeTarget "kataba.md" */;
			buildPhases = (
				6D24BC502A6812A0F066EFCD /* [CP] Check Pods Manifest.lock */,
				19471EFE1F0A85B2000DDF13 /* Sources */,
				19471EFF1F0A85B2000DDF13 /* Frameworks */,
				19471F001F0A85B2000DDF13 /* Resources */,
				CCCC7AB34A9D36F4AE32420D /* [CP] Embed Pods Frameworks */,
				6C68477FF687655E3D0EF4EC /* [CP] Copy Pods Resources */,
			);
			buildRules = (
			);
			dependencies = (
			);
			name = kataba.md;
			productName = kataba.md;
			productReference = 19471F021F0A85B2000DDF13 /* kataba.md.app */;
			productType = "com.apple.product-type.application";
		};
		19471F151F0A85B3000DDF13 /* kataba.mdTests */ = {
			isa = PBXNativeTarget;
			buildConfigurationList = 19471F2D1F0A85B3000DDF13 /* Build configuration list for PBXNativeTarget "kataba.mdTests" */;
			buildPhases = (
				F1902DCB87503B4333661FEF /* [CP] Check Pods Manifest.lock */,
				19471F121F0A85B3000DDF13 /* Sources */,
				19471F131F0A85B3000DDF13 /* Frameworks */,
				19471F141F0A85B3000DDF13 /* Resources */,
				C86C3335B4561517D267CA60 /* [CP] Embed Pods Frameworks */,
				EA5E2B18D2B378F79DB32350 /* [CP] Copy Pods Resources */,
			);
			buildRules = (
			);
			dependencies = (
				19471F181F0A85B3000DDF13 /* PBXTargetDependency */,
			);
			name = kataba.mdTests;
			productName = kataba.mdTests;
			productReference = 19471F161F0A85B3000DDF13 /* kataba.mdTests.xctest */;
			productType = "com.apple.product-type.bundle.unit-test";
		};
		19471F201F0A85B3000DDF13 /* kataba.mdUITests */ = {
			isa = PBXNativeTarget;
			buildConfigurationList = 19471F301F0A85B3000DDF13 /* Build configuration list for PBXNativeTarget "kataba.mdUITests" */;
			buildPhases = (
				CB50262013E662BE487AACCD /* [CP] Check Pods Manifest.lock */,
				19471F1D1F0A85B3000DDF13 /* Sources */,
				19471F1E1F0A85B3000DDF13 /* Frameworks */,
				19471F1F1F0A85B3000DDF13 /* Resources */,
				5E6BF81D51B22E4D24B743B0 /* [CP] Embed Pods Frameworks */,
				6C868033F93F60FFE4B5B448 /* [CP] Copy Pods Resources */,
			);
			buildRules = (
			);
			dependencies = (
				19471F231F0A85B3000DDF13 /* PBXTargetDependency */,
			);
			name = kataba.mdUITests;
			productName = kataba.mdUITests;
			productReference = 19471F211F0A85B3000DDF13 /* kataba.mdUITests.xctest */;
			productType = "com.apple.product-type.bundle.ui-testing";
		};
/* End PBXNativeTarget section */

/* Begin PBXProject section */
		19471EFA1F0A85B2000DDF13 /* Project object */ = {
			isa = PBXProject;
			attributes = {
				LastSwiftUpdateCheck = 0820;
				LastUpgradeCheck = 0820;
				ORGANIZATIONNAME = "山田尚吾";
				TargetAttributes = {
					19471F011F0A85B2000DDF13 = {
						CreatedOnToolsVersion = 8.2.1;
						DevelopmentTeam = PXXJ4RPD5Z;
						ProvisioningStyle = Automatic;
					};
					19471F151F0A85B3000DDF13 = {
						CreatedOnToolsVersion = 8.2.1;
						DevelopmentTeam = 77MXZW87XD;
						ProvisioningStyle = Automatic;
						TestTargetID = 19471F011F0A85B2000DDF13;
					};
					19471F201F0A85B3000DDF13 = {
						CreatedOnToolsVersion = 8.2.1;
						DevelopmentTeam = 77MXZW87XD;
						ProvisioningStyle = Automatic;
						TestTargetID = 19471F011F0A85B2000DDF13;
					};
				};
			};
			buildConfigurationList = 19471EFD1F0A85B2000DDF13 /* Build configuration list for PBXProject "kataba.md" */;
			compatibilityVersion = "Xcode 3.2";
			developmentRegion = English;
			hasScannedForEncodings = 0;
			knownRegions = (
				en,
				Base,
			);
			mainGroup = 19471EF91F0A85B2000DDF13;
			productRefGroup = 19471F031F0A85B2000DDF13 /* Products */;
			projectDirPath = "";
			projectRoot = "";
			targets = (
				19471F011F0A85B2000DDF13 /* kataba.md */,
				19471F151F0A85B3000DDF13 /* kataba.mdTests */,
				19471F201F0A85B3000DDF13 /* kataba.mdUITests */,
			);
		};
/* End PBXProject section */

/* Begin PBXResourcesBuildPhase section */
		19471F001F0A85B2000DDF13 /* Resources */ = {
			isa = PBXResourcesBuildPhase;
			buildActionMask = 2147483647;
			files = (
				19471F101F0A85B2000DDF13 /* LaunchScreen.storyboard in Resources */,
				19471F0D1F0A85B2000DDF13 /* Assets.xcassets in Resources */,
				19471F0B1F0A85B2000DDF13 /* Main.storyboard in Resources */,
			);
			runOnlyForDeploymentPostprocessing = 0;
		};
		19471F141F0A85B3000DDF13 /* Resources */ = {
			isa = PBXResourcesBuildPhase;
			buildActionMask = 2147483647;
			files = (
			);
			runOnlyForDeploymentPostprocessing = 0;
		};
		19471F1F1F0A85B3000DDF13 /* Resources */ = {
			isa = PBXResourcesBuildPhase;
			buildActionMask = 2147483647;
			files = (
			);
			runOnlyForDeploymentPostprocessing = 0;
		};
/* End PBXResourcesBuildPhase section */

/* Begin PBXShellScriptBuildPhase section */
		5E6BF81D51B22E4D24B743B0 /* [CP] Embed Pods Frameworks */ = {
			isa = PBXShellScriptBuildPhase;
			buildActionMask = 2147483647;
			files = (
			);
			inputPaths = (
			);
			name = "[CP] Embed Pods Frameworks";
			outputPaths = (
			);
			runOnlyForDeploymentPostprocessing = 0;
			shellPath = /bin/sh;
			shellScript = "\"${SRCROOT}/Pods/Target Support Files/Pods-kataba.mdUITests/Pods-kataba.mdUITests-frameworks.sh\"\n";
			showEnvVarsInLog = 0;
		};
		6C68477FF687655E3D0EF4EC /* [CP] Copy Pods Resources */ = {
			isa = PBXShellScriptBuildPhase;
			buildActionMask = 2147483647;
			files = (
			);
			inputPaths = (
			);
			name = "[CP] Copy Pods Resources";
			outputPaths = (
			);
			runOnlyForDeploymentPostprocessing = 0;
			shellPath = /bin/sh;
			shellScript = "\"${SRCROOT}/Pods/Target Support Files/Pods-kataba.md/Pods-kataba.md-resources.sh\"\n";
			showEnvVarsInLog = 0;
		};
		6C868033F93F60FFE4B5B448 /* [CP] Copy Pods Resources */ = {
			isa = PBXShellScriptBuildPhase;
			buildActionMask = 2147483647;
			files = (
			);
			inputPaths = (
			);
			name = "[CP] Copy Pods Resources";
			outputPaths = (
			);
			runOnlyForDeploymentPostprocessing = 0;
			shellPath = /bin/sh;
			shellScript = "\"${SRCROOT}/Pods/Target Support Files/Pods-kataba.mdUITests/Pods-kataba.mdUITests-resources.sh\"\n";
			showEnvVarsInLog = 0;
		};
		6D24BC502A6812A0F066EFCD /* [CP] Check Pods Manifest.lock */ = {
			isa = PBXShellScriptBuildPhase;
			buildActionMask = 2147483647;
			files = (
			);
			inputPaths = (
			);
			name = "[CP] Check Pods Manifest.lock";
			outputPaths = (
			);
			runOnlyForDeploymentPostprocessing = 0;
			shellPath = /bin/sh;
			shellScript = "diff \"${PODS_ROOT}/../Podfile.lock\" \"${PODS_ROOT}/Manifest.lock\" > /dev/null\nif [ $? != 0 ] ; then\n    # print error to STDERR\n    echo \"error: The sandbox is not in sync with the Podfile.lock. Run 'pod install' or update your CocoaPods installation.\" >&2\n    exit 1\nfi\n";
			showEnvVarsInLog = 0;
		};
		C86C3335B4561517D267CA60 /* [CP] Embed Pods Frameworks */ = {
			isa = PBXShellScriptBuildPhase;
			buildActionMask = 2147483647;
			files = (
			);
			inputPaths = (
			);
			name = "[CP] Embed Pods Frameworks";
			outputPaths = (
			);
			runOnlyForDeploymentPostprocessing = 0;
			shellPath = /bin/sh;
			shellScript = "\"${SRCROOT}/Pods/Target Support Files/Pods-kataba.mdTests/Pods-kataba.mdTests-frameworks.sh\"\n";
			showEnvVarsInLog = 0;
		};
		CB50262013E662BE487AACCD /* [CP] Check Pods Manifest.lock */ = {
			isa = PBXShellScriptBuildPhase;
			buildActionMask = 2147483647;
			files = (
			);
			inputPaths = (
			);
			name = "[CP] Check Pods Manifest.lock";
			outputPaths = (
			);
			runOnlyForDeploymentPostprocessing = 0;
			shellPath = /bin/sh;
			shellScript = "diff \"${PODS_ROOT}/../Podfile.lock\" \"${PODS_ROOT}/Manifest.lock\" > /dev/null\nif [ $? != 0 ] ; then\n    # print error to STDERR\n    echo \"error: The sandbox is not in sync with the Podfile.lock. Run 'pod install' or update your CocoaPods installation.\" >&2\n    exit 1\nfi\n";
			showEnvVarsInLog = 0;
		};
		CCCC7AB34A9D36F4AE32420D /* [CP] Embed Pods Frameworks */ = {
			isa = PBXShellScriptBuildPhase;
			buildActionMask = 2147483647;
			files = (
			);
			inputPaths = (
			);
			name = "[CP] Embed Pods Frameworks";
			outputPaths = (
			);
			runOnlyForDeploymentPostprocessing = 0;
			shellPath = /bin/sh;
			shellScript = "\"${SRCROOT}/Pods/Target Support Files/Pods-kataba.md/Pods-kataba.md-frameworks.sh\"\n";
			showEnvVarsInLog = 0;
		};
		EA5E2B18D2B378F79DB32350 /* [CP] Copy Pods Resources */ = {
			isa = PBXShellScriptBuildPhase;
			buildActionMask = 2147483647;
			files = (
			);
			inputPaths = (
			);
			name = "[CP] Copy Pods Resources";
			outputPaths = (
			);
			runOnlyForDeploymentPostprocessing = 0;
			shellPath = /bin/sh;
			shellScript = "\"${SRCROOT}/Pods/Target Support Files/Pods-kataba.mdTests/Pods-kataba.mdTests-resources.sh\"\n";
			showEnvVarsInLog = 0;
		};
		F1902DCB87503B4333661FEF /* [CP] Check Pods Manifest.lock */ = {
			isa = PBXShellScriptBuildPhase;
			buildActionMask = 2147483647;
			files = (
			);
			inputPaths = (
			);
			name = "[CP] Check Pods Manifest.lock";
			outputPaths = (
			);
			runOnlyForDeploymentPostprocessing = 0;
			shellPath = /bin/sh;
			shellScript = "diff \"${PODS_ROOT}/../Podfile.lock\" \"${PODS_ROOT}/Manifest.lock\" > /dev/null\nif [ $? != 0 ] ; then\n    # print error to STDERR\n    echo \"error: The sandbox is not in sync with the Podfile.lock. Run 'pod install' or update your CocoaPods installation.\" >&2\n    exit 1\nfi\n";
			showEnvVarsInLog = 0;
		};
/* End PBXShellScriptBuildPhase section */

/* Begin PBXSourcesBuildPhase section */
		19471EFE1F0A85B2000DDF13 /* Sources */ = {
			isa = PBXSourcesBuildPhase;
			buildActionMask = 2147483647;
			files = (
				19471F371F0BB828000DDF13 /* LoginViewController.swift in Sources */,
				19471F081F0A85B2000DDF13 /* ViewController.swift in Sources */,
				19471F061F0A85B2000DDF13 /* AppDelegate.swift in Sources */,
			);
			runOnlyForDeploymentPostprocessing = 0;
		};
		19471F121F0A85B3000DDF13 /* Sources */ = {
			isa = PBXSourcesBuildPhase;
			buildActionMask = 2147483647;
			files = (
				19471F1B1F0A85B3000DDF13 /* kataba_mdTests.swift in Sources */,
			);
			runOnlyForDeploymentPostprocessing = 0;
		};
		19471F1D1F0A85B3000DDF13 /* Sources */ = {
			isa = PBXSourcesBuildPhase;
			buildActionMask = 2147483647;
			files = (
				19471F261F0A85B3000DDF13 /* kataba_mdUITests.swift in Sources */,
			);
			runOnlyForDeploymentPostprocessing = 0;
		};
/* End PBXSourcesBuildPhase section */

/* Begin PBXTargetDependency section */
		19471F181F0A85B3000DDF13 /* PBXTargetDependency */ = {
			isa = PBXTargetDependency;
			target = 19471F011F0A85B2000DDF13 /* kataba.md */;
			targetProxy = 19471F171F0A85B3000DDF13 /* PBXContainerItemProxy */;
		};
		19471F231F0A85B3000DDF13 /* PBXTargetDependency */ = {
			isa = PBXTargetDependency;
			target = 19471F011F0A85B2000DDF13 /* kataba.md */;
			targetProxy = 19471F221F0A85B3000DDF13 /* PBXContainerItemProxy */;
		};
/* End PBXTargetDependency section */

/* Begin PBXVariantGroup section */
		19471F091F0A85B2000DDF13 /* Main.storyboard */ = {
			isa = PBXVariantGroup;
			children = (
				19471F0A1F0A85B2000DDF13 /* Base */,
			);
			name = Main.storyboard;
			sourceTree = "<group>";
		};
		19471F0E1F0A85B2000DDF13 /* LaunchScreen.storyboard */ = {
			isa = PBXVariantGroup;
			children = (
				19471F0F1F0A85B2000DDF13 /* Base */,
			);
			name = LaunchScreen.storyboard;
			sourceTree = "<group>";
		};
/* End PBXVariantGroup section */

/* Begin XCBuildConfiguration section */
		19471F281F0A85B3000DDF13 /* Debug */ = {
			isa = XCBuildConfiguration;
			buildSettings = {
				ALWAYS_SEARCH_USER_PATHS = NO;
				CLANG_ANALYZER_NONNULL = YES;
				CLANG_CXX_LANGUAGE_STANDARD = "gnu++0x";
				CLANG_CXX_LIBRARY = "libc++";
				CLANG_ENABLE_MODULES = YES;
				CLANG_ENABLE_OBJC_ARC = YES;
				CLANG_WARN_BOOL_CONVERSION = YES;
				CLANG_WARN_CONSTANT_CONVERSION = YES;
				CLANG_WARN_DIRECT_OBJC_ISA_USAGE = YES_ERROR;
				CLANG_WARN_DOCUMENTATION_COMMENTS = YES;
				CLANG_WARN_EMPTY_BODY = YES;
				CLANG_WARN_ENUM_CONVERSION = YES;
				CLANG_WARN_INFINITE_RECURSION = YES;
				CLANG_WARN_INT_CONVERSION = YES;
				CLANG_WARN_OBJC_ROOT_CLASS = YES_ERROR;
				CLANG_WARN_SUSPICIOUS_MOVE = YES;
				CLANG_WARN_UNREACHABLE_CODE = YES;
				CLANG_WARN__DUPLICATE_METHOD_MATCH = YES;
				"CODE_SIGN_IDENTITY[sdk=iphoneos*]" = "iPhone Developer";
				COPY_PHASE_STRIP = NO;
				DEBUG_INFORMATION_FORMAT = dwarf;
				ENABLE_STRICT_OBJC_MSGSEND = YES;
				ENABLE_TESTABILITY = YES;
				GCC_C_LANGUAGE_STANDARD = gnu99;
				GCC_DYNAMIC_NO_PIC = NO;
				GCC_NO_COMMON_BLOCKS = YES;
				GCC_OPTIMIZATION_LEVEL = 0;
				GCC_PREPROCESSOR_DEFINITIONS = (
					"DEBUG=1",
					"$(inherited)",
				);
				GCC_WARN_64_TO_32_BIT_CONVERSION = YES;
				GCC_WARN_ABOUT_RETURN_TYPE = YES_ERROR;
				GCC_WARN_UNDECLARED_SELECTOR = YES;
				GCC_WARN_UNINITIALIZED_AUTOS = YES_AGGRESSIVE;
				GCC_WARN_UNUSED_FUNCTION = YES;
				GCC_WARN_UNUSED_VARIABLE = YES;
				IPHONEOS_DEPLOYMENT_TARGET = 10.2;
				MTL_ENABLE_DEBUG_INFO = YES;
				ONLY_ACTIVE_ARCH = YES;
				SDKROOT = iphoneos;
				SWIFT_ACTIVE_COMPILATION_CONDITIONS = DEBUG;
				SWIFT_OPTIMIZATION_LEVEL = "-Onone";
			};
			name = Debug;
		};
		19471F291F0A85B3000DDF13 /* Release */ = {
			isa = XCBuildConfiguration;
			buildSettings = {
				ALWAYS_SEARCH_USER_PATHS = NO;
				CLANG_ANALYZER_NONNULL = YES;
				CLANG_CXX_LANGUAGE_STANDARD = "gnu++0x";
				CLANG_CXX_LIBRARY = "libc++";
				CLANG_ENABLE_MODULES = YES;
				CLANG_ENABLE_OBJC_ARC = YES;
				CLANG_WARN_BOOL_CONVERSION = YES;
				CLANG_WARN_CONSTANT_CONVERSION = YES;
				CLANG_WARN_DIRECT_OBJC_ISA_USAGE = YES_ERROR;
				CLANG_WARN_DOCUMENTATION_COMMENTS = YES;
				CLANG_WARN_EMPTY_BODY = YES;
				CLANG_WARN_ENUM_CONVERSION = YES;
				CLANG_WARN_INFINITE_RECURSION = YES;
				CLANG_WARN_INT_CONVERSION = YES;
				CLANG_WARN_OBJC_ROOT_CLASS = YES_ERROR;
				CLANG_WARN_SUSPICIOUS_MOVE = YES;
				CLANG_WARN_UNREACHABLE_CODE = YES;
				CLANG_WARN__DUPLICATE_METHOD_MATCH = YES;
				"CODE_SIGN_IDENTITY[sdk=iphoneos*]" = "iPhone Developer";
				COPY_PHASE_STRIP = NO;
				DEBUG_INFORMATION_FORMAT = "dwarf-with-dsym";
				ENABLE_NS_ASSERTIONS = NO;
				ENABLE_STRICT_OBJC_MSGSEND = YES;
				GCC_C_LANGUAGE_STANDARD = gnu99;
				GCC_NO_COMMON_BLOCKS = YES;
				GCC_WARN_64_TO_32_BIT_CONVERSION = YES;
				GCC_WARN_ABOUT_RETURN_TYPE = YES_ERROR;
				GCC_WARN_UNDECLARED_SELECTOR = YES;
				GCC_WARN_UNINITIALIZED_AUTOS = YES_AGGRESSIVE;
				GCC_WARN_UNUSED_FUNCTION = YES;
				GCC_WARN_UNUSED_VARIABLE = YES;
				IPHONEOS_DEPLOYMENT_TARGET = 10.2;
				MTL_ENABLE_DEBUG_INFO = NO;
				SDKROOT = iphoneos;
				SWIFT_OPTIMIZATION_LEVEL = "-Owholemodule";
				VALIDATE_PRODUCT = YES;
			};
			name = Release;
		};
		19471F2B1F0A85B3000DDF13 /* Debug */ = {
			isa = XCBuildConfiguration;
			baseConfigurationReference = 1405819DD7E3696FF8E202C3 /* Pods-kataba.md.debug.xcconfig */;
			buildSettings = {
				ASSETCATALOG_COMPILER_APPICON_NAME = AppIcon;
				DEVELOPMENT_TEAM = PXXJ4RPD5Z;
				INFOPLIST_FILE = kataba.md/Info.plist;
				LD_RUNPATH_SEARCH_PATHS = "$(inherited) @executable_path/Frameworks";
				PRODUCT_BUNDLE_IDENTIFIER = "jp.co.shogo.kataba-md";
				PRODUCT_NAME = "$(TARGET_NAME)";
				SWIFT_VERSION = 3.0;
			};
			name = Debug;
		};
		19471F2C1F0A85B3000DDF13 /* Release */ = {
			isa = XCBuildConfiguration;
			baseConfigurationReference = F2C33F54AC68BAF233EC0D9F /* Pods-kataba.md.release.xcconfig */;
			buildSettings = {
				ASSETCATALOG_COMPILER_APPICON_NAME = AppIcon;
				DEVELOPMENT_TEAM = PXXJ4RPD5Z;
				INFOPLIST_FILE = kataba.md/Info.plist;
				LD_RUNPATH_SEARCH_PATHS = "$(inherited) @executable_path/Frameworks";
				PRODUCT_BUNDLE_IDENTIFIER = "jp.co.shogo.kataba-md";
				PRODUCT_NAME = "$(TARGET_NAME)";
				SWIFT_VERSION = 3.0;
			};
			name = Release;
		};
		19471F2E1F0A85B3000DDF13 /* Debug */ = {
			isa = XCBuildConfiguration;
			baseConfigurationReference = 93C850CBFD4CBE96006D0FE1 /* Pods-kataba.mdTests.debug.xcconfig */;
			buildSettings = {
				ALWAYS_EMBED_SWIFT_STANDARD_LIBRARIES = YES;
				BUNDLE_LOADER = "$(TEST_HOST)";
				DEVELOPMENT_TEAM = 77MXZW87XD;
				INFOPLIST_FILE = kataba.mdTests/Info.plist;
				LD_RUNPATH_SEARCH_PATHS = "$(inherited) @executable_path/Frameworks @loader_path/Frameworks";
				PRODUCT_BUNDLE_IDENTIFIER = "jp.co.shogo.kataba-mdTests";
				PRODUCT_NAME = "$(TARGET_NAME)";
				SWIFT_VERSION = 3.0;
				TEST_HOST = "$(BUILT_PRODUCTS_DIR)/kataba.md.app/kataba.md";
			};
			name = Debug;
		};
		19471F2F1F0A85B3000DDF13 /* Release */ = {
			isa = XCBuildConfiguration;
			baseConfigurationReference = 2E58284BDB2A897A361D4F6F /* Pods-kataba.mdTests.release.xcconfig */;
			buildSettings = {
				ALWAYS_EMBED_SWIFT_STANDARD_LIBRARIES = YES;
				BUNDLE_LOADER = "$(TEST_HOST)";
				DEVELOPMENT_TEAM = 77MXZW87XD;
				INFOPLIST_FILE = kataba.mdTests/Info.plist;
				LD_RUNPATH_SEARCH_PATHS = "$(inherited) @executable_path/Frameworks @loader_path/Frameworks";
				PRODUCT_BUNDLE_IDENTIFIER = "jp.co.shogo.kataba-mdTests";
				PRODUCT_NAME = "$(TARGET_NAME)";
				SWIFT_VERSION = 3.0;
				TEST_HOST = "$(BUILT_PRODUCTS_DIR)/kataba.md.app/kataba.md";
			};
			name = Release;
		};
		19471F311F0A85B3000DDF13 /* Debug */ = {
			isa = XCBuildConfiguration;
			baseConfigurationReference = 16A120EB8DF243BBA51FD5BC /* Pods-kataba.mdUITests.debug.xcconfig */;
			buildSettings = {
				ALWAYS_EMBED_SWIFT_STANDARD_LIBRARIES = YES;
				DEVELOPMENT_TEAM = 77MXZW87XD;
				INFOPLIST_FILE = kataba.mdUITests/Info.plist;
				LD_RUNPATH_SEARCH_PATHS = "$(inherited) @executable_path/Frameworks @loader_path/Frameworks";
				PRODUCT_BUNDLE_IDENTIFIER = "jp.co.shogo.kataba-mdUITests";
				PRODUCT_NAME = "$(TARGET_NAME)";
				SWIFT_VERSION = 3.0;
				TEST_TARGET_NAME = kataba.md;
			};
			name = Debug;
		};
		19471F321F0A85B3000DDF13 /* Release */ = {
			isa = XCBuildConfiguration;
			baseConfigurationReference = 108ABA94E79E78275386C7B6 /* Pods-kataba.mdUITests.release.xcconfig */;
			buildSettings = {
				ALWAYS_EMBED_SWIFT_STANDARD_LIBRARIES = YES;
				DEVELOPMENT_TEAM = 77MXZW87XD;
				INFOPLIST_FILE = kataba.mdUITests/Info.plist;
				LD_RUNPATH_SEARCH_PATHS = "$(inherited) @executable_path/Frameworks @loader_path/Frameworks";
				PRODUCT_BUNDLE_IDENTIFIER = "jp.co.shogo.kataba-mdUITests";
				PRODUCT_NAME = "$(TARGET_NAME)";
				SWIFT_VERSION = 3.0;
				TEST_TARGET_NAME = kataba.md;
			};
			name = Release;
		};
/* End XCBuildConfiguration section */

/* Begin XCConfigurationList section */
		19471EFD1F0A85B2000DDF13 /* Build configuration list for PBXProject "kataba.md" */ = {
			isa = XCConfigurationList;
			buildConfigurations = (
				19471F281F0A85B3000DDF13 /* Debug */,
				19471F291F0A85B3000DDF13 /* Release */,
			);
			defaultConfigurationIsVisible = 0;
			defaultConfigurationName = Release;
		};
		19471F2A1F0A85B3000DDF13 /* Build configuration list for PBXNativeTarget "kataba.md" */ = {
			isa = XCConfigurationList;
			buildConfigurations = (
				19471F2B1F0A85B3000DDF13 /* Debug */,
				19471F2C1F0A85B3000DDF13 /* Release */,
			);
			defaultConfigurationIsVisible = 0;
			defaultConfigurationName = Release;
		};
		19471F2D1F0A85B3000DDF13 /* Build configuration list for PBXNativeTarget "kataba.mdTests" */ = {
			isa = XCConfigurationList;
			buildConfigurations = (
				19471F2E1F0A85B3000DDF13 /* Debug */,
				19471F2F1F0A85B3000DDF13 /* Release */,
			);
			defaultConfigurationIsVisible = 0;
			defaultConfigurationName = Release;
		};
		19471F301F0A85B3000DDF13 /* Build configuration list for PBXNativeTarget "kataba.mdUITests" */ = {
			isa = XCConfigurationList;
			buildConfigurations = (
				19471F311F0A85B3000DDF13 /* Debug */,
				19471F321F0A85B3000DDF13 /* Release */,
			);
			defaultConfigurationIsVisible = 0;
			defaultConfigurationName = Release;
		};
/* End XCConfigurationList section */
	};
	rootObject = 19471EFA1F0A85B2000DDF13 /* Project object */;
}
